{
  "nodes": {
    "nixos-hardware": {
      "locked": {
        "lastModified": 1688966833,
        "narHash": "sha256-9ilzbSwArZmDjT/g1XYD+KYOFfmoS0WOYXSQBvZDIv4=",
        "owner": "NixOS",
        "repo": "nixos-hardware",
        "rev": "f0984a5a303659bc9b73895c82a85fdfae40b87a",
        "type": "github"
      },
      "original": {
        "owner": "NixOS",
        "repo": "nixos-hardware",
        "type": "github"
      }
    },
    "nixpkgs": {
      "locked": {
        "lastModified": 1688918189,
        "narHash": "sha256-f8ZlJ67LgEUDnN7ZsAyd1/Fyby1VdOXWg4XY/irSGrQ=",
        "owner": "NixOS",
        "repo": "nixpkgs",
        "rev": "408c0e8c15a1c9cf5c3226931b6f283c9867c484",
        "type": "github"
      },
      "original": {
        "owner": "NixOS",
        "ref": "nixos-unstable",
        "repo": "nixpkgs",
        "type": "github"
      }
    },
    "root": {
      "inputs": {
        "nixos-hardware": "nixos-hardware",
        "nixpkgs": "nixpkgs"
      }
    }
  },
  "root": "root",
  "version": 7
}
