{
  "nodes": {
    "nixos-hardware": {
      "locked": {
        "lastModified": 1662994796,
        "narHash": "sha256-vN3kdE2D3g+3TSMd4ypMueZYoQHqXJyKwG7ASb9i4Ek=",
        "owner": "kekrby",
        "repo": "nixos-hardware",
        "rev": "6389cb2f12a925922927d64643c3a181f3a0542d",
        "type": "github"
      },
      "original": {
        "owner": "kekrby",
        "repo": "nixos-hardware",
        "type": "github"
      }
    },
    "nixpkgs": {
      "locked": {
        "lastModified": 1662571448,
        "narHash": "sha256-m87mpIxqALkxpXMQdowHPquUF1SiqCufjnKZK9tFZcs=",
        "owner": "kekrby",
        "repo": "nixpkgs",
        "rev": "c8e5d1f0eb3665934c36547c8697c5b1e17f98d3",
        "type": "github"
      },
      "original": {
        "owner": "kekrby",
        "ref": "add-fetchpartial",
        "repo": "nixpkgs",
        "type": "github"
      }
    },
    "root": {
      "inputs": {
        "nixos-hardware": "nixos-hardware",
        "nixpkgs": "nixpkgs"
      }
    }
  },
  "root": "root",
  "version": 7
}
